
Microsoft Visual Studio Solution File, Format Version 12.00
# Visual Studio Version 17
VisualStudioVersion = 17.4.33213.308
MinimumVisualStudioVersion = 10.0.40219.1
Project("{9A19103F-16F7-4668-BE54-9A1E7A4F7556}") = "ConsoleApp1", "ConsoleApp1.csproj", "{0A421929-96AB-4474-AEE6-AF7AF3C7B27F}"
EndProject
Project("{FAE04EC0-301F-11D3-BF4B-00C04F79EFBC}") = "refByVal_refByRef", "..\refByVal_refByRef\refByVal_refByRef.csproj", "{AA05FA73-DFD0-4F50-8A4B-86BFB108B818}"
EndProject
Global
	GlobalSection(SolutionConfigurationPlatforms) = preSolution
		Debug|Any CPU = Debug|Any CPU
		Release|Any CPU = Release|Any CPU
	EndGlobalSection
	GlobalSection(ProjectConfigurationPlatforms) = postSolution
		{0A421929-96AB-4474-AEE6-AF7AF3C7B27F}.Debug|Any CPU.ActiveCfg = Debug|Any CPU
		{0A421929-96AB-4474-AEE6-AF7AF3C7B27F}.Debug|Any CPU.Build.0 = Debug|Any CPU
		{0A421929-96AB-4474-AEE6-AF7AF3C7B27F}.Release|Any CPU.ActiveCfg = Release|Any CPU
		{0A421929-96AB-4474-AEE6-AF7AF3C7B27F}.Release|Any CPU.Build.0 = Release|Any CPU
		{AA05FA73-DFD0-4F50-8A4B-86BFB108B818}.Debug|Any CPU.ActiveCfg = Debug|Any CPU
		{AA05FA73-DFD0-4F50-8A4B-86BFB108B818}.Debug|Any CPU.Build.0 = Debug|Any CPU
		{AA05FA73-DFD0-4F50-8A4B-86BFB108B818}.Release|Any CPU.ActiveCfg = Release|Any CPU
		{AA05FA73-DFD0-4F50-8A4B-86BFB108B818}.Release|Any CPU.Build.0 = Release|Any CPU
	EndGlobalSection
	GlobalSection(SolutionProperties) = preSolution
		HideSolutionNode = FALSE
	EndGlobalSection
	GlobalSection(ExtensibilityGlobals) = postSolution
		SolutionGuid = {43DA69C3-586F-48ED-AE0E-C319C2C43F07}
	EndGlobalSection
EndGlobal
